
Microsoft Visual Studio Solution File, Format Version 12.00
# Visual Studio Version 17
VisualStudioVersion = 17.3.32929.385
MinimumVisualStudioVersion = 10.0.40219.1
Project("{FAE04EC0-301F-11D3-BF4B-00C04F79EFBC}") = "Trabalho_Pratico_26752", "Trabalho_Pratico_26752\Trabalho_Pratico_26752.csproj", "{8B0E96CC-56EE-42F8-A4FA-D7ABDE957FF5}"
EndProject
Global
	GlobalSection(SolutionConfigurationPlatforms) = preSolution
		Debug|Any CPU = Debug|Any CPU
		Release|Any CPU = Release|Any CPU
	EndGlobalSection
	GlobalSection(ProjectConfigurationPlatforms) = postSolution
		{8B0E96CC-56EE-42F8-A4FA-D7ABDE957FF5}.Debug|Any CPU.ActiveCfg = Debug|Any CPU
		{8B0E96CC-56EE-42F8-A4FA-D7ABDE957FF5}.Debug|Any CPU.Build.0 = Debug|Any CPU
		{8B0E96CC-56EE-42F8-A4FA-D7ABDE957FF5}.Release|Any CPU.ActiveCfg = Release|Any CPU
		{8B0E96CC-56EE-42F8-A4FA-D7ABDE957FF5}.Release|Any CPU.Build.0 = Release|Any CPU
	EndGlobalSection
	GlobalSection(SolutionProperties) = preSolution
		HideSolutionNode = FALSE
	EndGlobalSection
	GlobalSection(ExtensibilityGlobals) = postSolution
		SolutionGuid = {CB41C666-D1A8-4875-9AF9-C9E4E598A988}
	EndGlobalSection
EndGlobal
